
Microsoft Visual Studio Solution File, Format Version 12.00
# Visual Studio 15
VisualStudioVersion = 15.0.27428.2011
MinimumVisualStudioVersion = 10.0.40219.1
Project("{FAE04EC0-301F-11D3-BF4B-00C04F79EFBC}") = "Employee_Mg_Core", "Employee_Mg_Core\Employee_Mg_Core.csproj", "{DBF65C1E-330B-4D25-9DC7-84DEE6AD2A1A}"
EndProject
Global
	GlobalSection(SolutionConfigurationPlatforms) = preSolution
		Debug|Any CPU = Debug|Any CPU
		Release|Any CPU = Release|Any CPU
	EndGlobalSection
	GlobalSection(ProjectConfigurationPlatforms) = postSolution
		{DBF65C1E-330B-4D25-9DC7-84DEE6AD2A1A}.Debug|Any CPU.ActiveCfg = Debug|Any CPU
		{DBF65C1E-330B-4D25-9DC7-84DEE6AD2A1A}.Debug|Any CPU.Build.0 = Debug|Any CPU
		{DBF65C1E-330B-4D25-9DC7-84DEE6AD2A1A}.Release|Any CPU.ActiveCfg = Release|Any CPU
		{DBF65C1E-330B-4D25-9DC7-84DEE6AD2A1A}.Release|Any CPU.Build.0 = Release|Any CPU
	EndGlobalSection
	GlobalSection(SolutionProperties) = preSolution
		HideSolutionNode = FALSE
	EndGlobalSection
	GlobalSection(ExtensibilityGlobals) = postSolution
		SolutionGuid = {85B47065-3CE0-4F55-9DC2-22924BBD920B}
	EndGlobalSection
EndGlobal
